
Microsoft Visual Studio Solution File, Format Version 12.00
# Visual Studio Version 17
VisualStudioVersion = 17.7.34031.279
MinimumVisualStudioVersion = 10.0.40219.1
Project("{FAE04EC0-301F-11D3-BF4B-00C04F79EFBC}") = "Task2PN", "Task2PN\Task2PN.csproj", "{3E3ADCF7-9A71-4227-B096-8D1ACC517204}"
EndProject
Global
	GlobalSection(SolutionConfigurationPlatforms) = preSolution
		Debug|Any CPU = Debug|Any CPU
		Release|Any CPU = Release|Any CPU
	EndGlobalSection
	GlobalSection(ProjectConfigurationPlatforms) = postSolution
		{3E3ADCF7-9A71-4227-B096-8D1ACC517204}.Debug|Any CPU.ActiveCfg = Debug|Any CPU
		{3E3ADCF7-9A71-4227-B096-8D1ACC517204}.Debug|Any CPU.Build.0 = Debug|Any CPU
		{3E3ADCF7-9A71-4227-B096-8D1ACC517204}.Release|Any CPU.ActiveCfg = Release|Any CPU
		{3E3ADCF7-9A71-4227-B096-8D1ACC517204}.Release|Any CPU.Build.0 = Release|Any CPU
	EndGlobalSection
	GlobalSection(SolutionProperties) = preSolution
		HideSolutionNode = FALSE
	EndGlobalSection
	GlobalSection(ExtensibilityGlobals) = postSolution
		SolutionGuid = {0A41A67C-FB1A-4AEA-BCE3-65A02ABC0D41}
	EndGlobalSection
EndGlobal
